
Microsoft Visual Studio Solution File, Format Version 12.00
# Visual Studio Version 16
VisualStudioVersion = 16.0.32002.261
MinimumVisualStudioVersion = 10.0.40219.1
Project("{FAE04EC0-301F-11D3-BF4B-00C04F79EFBC}") = "AlarmTech.Android", "AlarmTech\AlarmTech.Android\AlarmTech.Android.csproj", "{304787EB-53DC-423E-83EA-38CDD15DDB0D}"
EndProject
Project("{FAE04EC0-301F-11D3-BF4B-00C04F79EFBC}") = "AlarmTech", "AlarmTech\AlarmTech\AlarmTech.csproj", "{82FB33A8-1505-4496-93B0-76AD2F7C849C}"
EndProject
Global
	GlobalSection(SolutionConfigurationPlatforms) = preSolution
		Debug|Any CPU = Debug|Any CPU
		Release|Any CPU = Release|Any CPU
	EndGlobalSection
	GlobalSection(ProjectConfigurationPlatforms) = postSolution
		{304787EB-53DC-423E-83EA-38CDD15DDB0D}.Debug|Any CPU.ActiveCfg = Debug|Any CPU
		{304787EB-53DC-423E-83EA-38CDD15DDB0D}.Debug|Any CPU.Build.0 = Debug|Any CPU
		{304787EB-53DC-423E-83EA-38CDD15DDB0D}.Debug|Any CPU.Deploy.0 = Debug|Any CPU
		{304787EB-53DC-423E-83EA-38CDD15DDB0D}.Release|Any CPU.ActiveCfg = Release|Any CPU
		{304787EB-53DC-423E-83EA-38CDD15DDB0D}.Release|Any CPU.Build.0 = Release|Any CPU
		{304787EB-53DC-423E-83EA-38CDD15DDB0D}.Release|Any CPU.Deploy.0 = Release|Any CPU
		{82FB33A8-1505-4496-93B0-76AD2F7C849C}.Debug|Any CPU.ActiveCfg = Debug|Any CPU
		{82FB33A8-1505-4496-93B0-76AD2F7C849C}.Debug|Any CPU.Build.0 = Debug|Any CPU
		{82FB33A8-1505-4496-93B0-76AD2F7C849C}.Debug|Any CPU.Deploy.0 = Debug|Any CPU
		{82FB33A8-1505-4496-93B0-76AD2F7C849C}.Release|Any CPU.ActiveCfg = Release|Any CPU
		{82FB33A8-1505-4496-93B0-76AD2F7C849C}.Release|Any CPU.Build.0 = Release|Any CPU
		{82FB33A8-1505-4496-93B0-76AD2F7C849C}.Release|Any CPU.Deploy.0 = Release|Any CPU
	EndGlobalSection
	GlobalSection(SolutionProperties) = preSolution
		HideSolutionNode = FALSE
	EndGlobalSection
	GlobalSection(ExtensibilityGlobals) = postSolution
		SolutionGuid = {75451F59-3FC3-426A-B13D-C20E2B341B76}
	EndGlobalSection
EndGlobal
